
Microsoft Visual Studio Solution File, Format Version 12.00
# Visual Studio Version 16
VisualStudioVersion = 16.0.29613.14
MinimumVisualStudioVersion = 10.0.40219.1
Project("{FAE04EC0-301F-11D3-BF4B-00C04F79EFBC}") = "School.Data", "School.Data\School.Data.csproj", "{88769311-6211-45BB-BE27-3AC6003E4927}"
EndProject
Project("{FAE04EC0-301F-11D3-BF4B-00C04F79EFBC}") = "School.Models", "School.Models\School.Models.csproj", "{03145471-54A5-40AC-8722-6F33EB68F026}"
EndProject
Project("{FAE04EC0-301F-11D3-BF4B-00C04F79EFBC}") = "School.Repository", "School.Repository\School.Repository.csproj", "{26C45E30-16DC-48AD-9685-ECB8FA76C9DA}"
EndProject
Project("{FAE04EC0-301F-11D3-BF4B-00C04F79EFBC}") = "Sxhool.WebMvc", "Sxhool.WebMvc\Sxhool.WebMvc.csproj", "{9E6C6DD3-3B6D-48F0-9629-6349A9F83660}"
EndProject
Project("{FAE04EC0-301F-11D3-BF4B-00C04F79EFBC}") = "DependancyInjection", "DependancyInjection\DependancyInjection.csproj", "{547707CC-A5D6-44E2-A62A-82C4986082C3}"
EndProject
Project("{FAE04EC0-301F-11D3-BF4B-00C04F79EFBC}") = "IData", "IData\IData.csproj", "{0510011D-2FEF-4299-B99B-C4BE0EE2873D}"
EndProject
Project("{FAE04EC0-301F-11D3-BF4B-00C04F79EFBC}") = "IRepository", "IRepository\IRepository.csproj", "{1F38B6D3-AF29-4ABD-ABA8-748B2B161652}"
EndProject
Project("{FAE04EC0-301F-11D3-BF4B-00C04F79EFBC}") = "Schoo.Dto", "Schoo.Dto\Schoo.Dto.csproj", "{DF00FCB9-29FE-4649-A9B0-09927F2F0A37}"
EndProject
Project("{FAE04EC0-301F-11D3-BF4B-00C04F79EFBC}") = "WepApi.DependancyInjection", "WepApi.DependancyInjection\WepApi.DependancyInjection.csproj", "{A6F30161-C269-4DCA-9532-027059519AD2}"
EndProject
Project("{FAE04EC0-301F-11D3-BF4B-00C04F79EFBC}") = "School.WindowForm", "School.WindowForm\School.WindowForm.csproj", "{869F4F2C-4DE8-4236-9493-6F05AD8D357E}"
EndProject
Project("{FAE04EC0-301F-11D3-BF4B-00C04F79EFBC}") = "School.ApiTest", "School.ApiTest\School.ApiTest.csproj", "{F06A8906-E05B-4065-A9CE-9CDCECE7E5E0}"
EndProject
Global
	GlobalSection(SolutionConfigurationPlatforms) = preSolution
		Debug|Any CPU = Debug|Any CPU
		Debug|x64 = Debug|x64
		Debug|x86 = Debug|x86
		Release|Any CPU = Release|Any CPU
		Release|x64 = Release|x64
		Release|x86 = Release|x86
	EndGlobalSection
	GlobalSection(ProjectConfigurationPlatforms) = postSolution
		{88769311-6211-45BB-BE27-3AC6003E4927}.Debug|Any CPU.ActiveCfg = Debug|Any CPU
		{88769311-6211-45BB-BE27-3AC6003E4927}.Debug|Any CPU.Build.0 = Debug|Any CPU
		{88769311-6211-45BB-BE27-3AC6003E4927}.Debug|x64.ActiveCfg = Debug|Any CPU
		{88769311-6211-45BB-BE27-3AC6003E4927}.Debug|x64.Build.0 = Debug|Any CPU
		{88769311-6211-45BB-BE27-3AC6003E4927}.Debug|x86.ActiveCfg = Debug|Any CPU
		{88769311-6211-45BB-BE27-3AC6003E4927}.Debug|x86.Build.0 = Debug|Any CPU
		{88769311-6211-45BB-BE27-3AC6003E4927}.Release|Any CPU.ActiveCfg = Release|Any CPU
		{88769311-6211-45BB-BE27-3AC6003E4927}.Release|Any CPU.Build.0 = Release|Any CPU
		{88769311-6211-45BB-BE27-3AC6003E4927}.Release|x64.ActiveCfg = Release|Any CPU
		{88769311-6211-45BB-BE27-3AC6003E4927}.Release|x64.Build.0 = Release|Any CPU
		{88769311-6211-45BB-BE27-3AC6003E4927}.Release|x86.ActiveCfg = Release|Any CPU
		{88769311-6211-45BB-BE27-3AC6003E4927}.Release|x86.Build.0 = Release|Any CPU
		{03145471-54A5-40AC-8722-6F33EB68F026}.Debug|Any CPU.ActiveCfg = Debug|Any CPU
		{03145471-54A5-40AC-8722-6F33EB68F026}.Debug|Any CPU.Build.0 = Debug|Any CPU
		{03145471-54A5-40AC-8722-6F33EB68F026}.Debug|x64.ActiveCfg = Debug|Any CPU
		{03145471-54A5-40AC-8722-6F33EB68F026}.Debug|x64.Build.0 = Debug|Any CPU
		{03145471-54A5-40AC-8722-6F33EB68F026}.Debug|x86.ActiveCfg = Debug|Any CPU
		{03145471-54A5-40AC-8722-6F33EB68F026}.Debug|x86.Build.0 = Debug|Any CPU
		{03145471-54A5-40AC-8722-6F33EB68F026}.Release|Any CPU.ActiveCfg = Release|Any CPU
		{03145471-54A5-40AC-8722-6F33EB68F026}.Release|Any CPU.Build.0 = Release|Any CPU
		{03145471-54A5-40AC-8722-6F33EB68F026}.Release|x64.ActiveCfg = Release|Any CPU
		{03145471-54A5-40AC-8722-6F33EB68F026}.Release|x64.Build.0 = Release|Any CPU
		{03145471-54A5-40AC-8722-6F33EB68F026}.Release|x86.ActiveCfg = Release|Any CPU
		{03145471-54A5-40AC-8722-6F33EB68F026}.Release|x86.Build.0 = Release|Any CPU
		{26C45E30-16DC-48AD-9685-ECB8FA76C9DA}.Debug|Any CPU.ActiveCfg = Debug|Any CPU
		{26C45E30-16DC-48AD-9685-ECB8FA76C9DA}.Debug|Any CPU.Build.0 = Debug|Any CPU
		{26C45E30-16DC-48AD-9685-ECB8FA76C9DA}.Debug|x64.ActiveCfg = Debug|Any CPU
		{26C45E30-16DC-48AD-9685-ECB8FA76C9DA}.Debug|x64.Build.0 = Debug|Any CPU
		{26C45E30-16DC-48AD-9685-ECB8FA76C9DA}.Debug|x86.ActiveCfg = Debug|Any CPU
		{26C45E30-16DC-48AD-9685-ECB8FA76C9DA}.Debug|x86.Build.0 = Debug|Any CPU
		{26C45E30-16DC-48AD-9685-ECB8FA76C9DA}.Release|Any CPU.ActiveCfg = Release|Any CPU
		{26C45E30-16DC-48AD-9685-ECB8FA76C9DA}.Release|Any CPU.Build.0 = Release|Any CPU
		{26C45E30-16DC-48AD-9685-ECB8FA76C9DA}.Release|x64.ActiveCfg = Release|Any CPU
		{26C45E30-16DC-48AD-9685-ECB8FA76C9DA}.Release|x64.Build.0 = Release|Any CPU
		{26C45E30-16DC-48AD-9685-ECB8FA76C9DA}.Release|x86.ActiveCfg = Release|Any CPU
		{26C45E30-16DC-48AD-9685-ECB8FA76C9DA}.Release|x86.Build.0 = Release|Any CPU
		{9E6C6DD3-3B6D-48F0-9629-6349A9F83660}.Debug|Any CPU.ActiveCfg = Debug|Any CPU
		{9E6C6DD3-3B6D-48F0-9629-6349A9F83660}.Debug|Any CPU.Build.0 = Debug|Any CPU
		{9E6C6DD3-3B6D-48F0-9629-6349A9F83660}.Debug|x64.ActiveCfg = Debug|Any CPU
		{9E6C6DD3-3B6D-48F0-9629-6349A9F83660}.Debug|x86.ActiveCfg = Debug|Any CPU
		{9E6C6DD3-3B6D-48F0-9629-6349A9F83660}.Release|Any CPU.ActiveCfg = Release|Any CPU
		{9E6C6DD3-3B6D-48F0-9629-6349A9F83660}.Release|Any CPU.Build.0 = Release|Any CPU
		{9E6C6DD3-3B6D-48F0-9629-6349A9F83660}.Release|x64.ActiveCfg = Release|Any CPU
		{9E6C6DD3-3B6D-48F0-9629-6349A9F83660}.Release|x86.ActiveCfg = Release|Any CPU
		{547707CC-A5D6-44E2-A62A-82C4986082C3}.Debug|Any CPU.ActiveCfg = Debug|Any CPU
		{547707CC-A5D6-44E2-A62A-82C4986082C3}.Debug|Any CPU.Build.0 = Debug|Any CPU
		{547707CC-A5D6-44E2-A62A-82C4986082C3}.Debug|x64.ActiveCfg = Debug|Any CPU
		{547707CC-A5D6-44E2-A62A-82C4986082C3}.Debug|x64.Build.0 = Debug|Any CPU
		{547707CC-A5D6-44E2-A62A-82C4986082C3}.Debug|x86.ActiveCfg = Debug|Any CPU
		{547707CC-A5D6-44E2-A62A-82C4986082C3}.Debug|x86.Build.0 = Debug|Any CPU
		{547707CC-A5D6-44E2-A62A-82C4986082C3}.Release|Any CPU.ActiveCfg = Release|Any CPU
		{547707CC-A5D6-44E2-A62A-82C4986082C3}.Release|Any CPU.Build.0 = Release|Any CPU
		{547707CC-A5D6-44E2-A62A-82C4986082C3}.Release|x64.ActiveCfg = Release|Any CPU
		{547707CC-A5D6-44E2-A62A-82C4986082C3}.Release|x64.Build.0 = Release|Any CPU
		{547707CC-A5D6-44E2-A62A-82C4986082C3}.Release|x86.ActiveCfg = Release|Any CPU
		{547707CC-A5D6-44E2-A62A-82C4986082C3}.Release|x86.Build.0 = Release|Any CPU
		{0510011D-2FEF-4299-B99B-C4BE0EE2873D}.Debug|Any CPU.ActiveCfg = Debug|Any CPU
		{0510011D-2FEF-4299-B99B-C4BE0EE2873D}.Debug|Any CPU.Build.0 = Debug|Any CPU
		{0510011D-2FEF-4299-B99B-C4BE0EE2873D}.Debug|x64.ActiveCfg = Debug|Any CPU
		{0510011D-2FEF-4299-B99B-C4BE0EE2873D}.Debug|x64.Build.0 = Debug|Any CPU
		{0510011D-2FEF-4299-B99B-C4BE0EE2873D}.Debug|x86.ActiveCfg = Debug|Any CPU
		{0510011D-2FEF-4299-B99B-C4BE0EE2873D}.Debug|x86.Build.0 = Debug|Any CPU
		{0510011D-2FEF-4299-B99B-C4BE0EE2873D}.Release|Any CPU.ActiveCfg = Release|Any CPU
		{0510011D-2FEF-4299-B99B-C4BE0EE2873D}.Release|Any CPU.Build.0 = Release|Any CPU
		{0510011D-2FEF-4299-B99B-C4BE0EE2873D}.Release|x64.ActiveCfg = Release|Any CPU
		{0510011D-2FEF-4299-B99B-C4BE0EE2873D}.Release|x64.Build.0 = Release|Any CPU
		{0510011D-2FEF-4299-B99B-C4BE0EE2873D}.Release|x86.ActiveCfg = Release|Any CPU
		{0510011D-2FEF-4299-B99B-C4BE0EE2873D}.Release|x86.Build.0 = Release|Any CPU
		{1F38B6D3-AF29-4ABD-ABA8-748B2B161652}.Debug|Any CPU.ActiveCfg = Debug|Any CPU
		{1F38B6D3-AF29-4ABD-ABA8-748B2B161652}.Debug|Any CPU.Build.0 = Debug|Any CPU
		{1F38B6D3-AF29-4ABD-ABA8-748B2B161652}.Debug|x64.ActiveCfg = Debug|Any CPU
		{1F38B6D3-AF29-4ABD-ABA8-748B2B161652}.Debug|x64.Build.0 = Debug|Any CPU
		{1F38B6D3-AF29-4ABD-ABA8-748B2B161652}.Debug|x86.ActiveCfg = Debug|Any CPU
		{1F38B6D3-AF29-4ABD-ABA8-748B2B161652}.Debug|x86.Build.0 = Debug|Any CPU
		{1F38B6D3-AF29-4ABD-ABA8-748B2B161652}.Release|Any CPU.ActiveCfg = Release|Any CPU
		{1F38B6D3-AF29-4ABD-ABA8-748B2B161652}.Release|Any CPU.Build.0 = Release|Any CPU
		{1F38B6D3-AF29-4ABD-ABA8-748B2B161652}.Release|x64.ActiveCfg = Release|Any CPU
		{1F38B6D3-AF29-4ABD-ABA8-748B2B161652}.Release|x64.Build.0 = Release|Any CPU
		{1F38B6D3-AF29-4ABD-ABA8-748B2B161652}.Release|x86.ActiveCfg = Release|Any CPU
		{1F38B6D3-AF29-4ABD-ABA8-748B2B161652}.Release|x86.Build.0 = Release|Any CPU
		{DF00FCB9-29FE-4649-A9B0-09927F2F0A37}.Debug|Any CPU.ActiveCfg = Debug|Any CPU
		{DF00FCB9-29FE-4649-A9B0-09927F2F0A37}.Debug|Any CPU.Build.0 = Debug|Any CPU
		{DF00FCB9-29FE-4649-A9B0-09927F2F0A37}.Debug|x64.ActiveCfg = Debug|Any CPU
		{DF00FCB9-29FE-4649-A9B0-09927F2F0A37}.Debug|x64.Build.0 = Debug|Any CPU
		{DF00FCB9-29FE-4649-A9B0-09927F2F0A37}.Debug|x86.ActiveCfg = Debug|Any CPU
		{DF00FCB9-29FE-4649-A9B0-09927F2F0A37}.Debug|x86.Build.0 = Debug|Any CPU
		{DF00FCB9-29FE-4649-A9B0-09927F2F0A37}.Release|Any CPU.ActiveCfg = Release|Any CPU
		{DF00FCB9-29FE-4649-A9B0-09927F2F0A37}.Release|Any CPU.Build.0 = Release|Any CPU
		{DF00FCB9-29FE-4649-A9B0-09927F2F0A37}.Release|x64.ActiveCfg = Release|Any CPU
		{DF00FCB9-29FE-4649-A9B0-09927F2F0A37}.Release|x64.Build.0 = Release|Any CPU
		{DF00FCB9-29FE-4649-A9B0-09927F2F0A37}.Release|x86.ActiveCfg = Release|Any CPU
		{DF00FCB9-29FE-4649-A9B0-09927F2F0A37}.Release|x86.Build.0 = Release|Any CPU
		{A6F30161-C269-4DCA-9532-027059519AD2}.Debug|Any CPU.ActiveCfg = Debug|Any CPU
		{A6F30161-C269-4DCA-9532-027059519AD2}.Debug|Any CPU.Build.0 = Debug|Any CPU
		{A6F30161-C269-4DCA-9532-027059519AD2}.Debug|x64.ActiveCfg = Debug|Any CPU
		{A6F30161-C269-4DCA-9532-027059519AD2}.Debug|x64.Build.0 = Debug|Any CPU
		{A6F30161-C269-4DCA-9532-027059519AD2}.Debug|x86.ActiveCfg = Debug|Any CPU
		{A6F30161-C269-4DCA-9532-027059519AD2}.Debug|x86.Build.0 = Debug|Any CPU
		{A6F30161-C269-4DCA-9532-027059519AD2}.Release|Any CPU.ActiveCfg = Release|Any CPU
		{A6F30161-C269-4DCA-9532-027059519AD2}.Release|Any CPU.Build.0 = Release|Any CPU
		{A6F30161-C269-4DCA-9532-027059519AD2}.Release|x64.ActiveCfg = Release|Any CPU
		{A6F30161-C269-4DCA-9532-027059519AD2}.Release|x64.Build.0 = Release|Any CPU
		{A6F30161-C269-4DCA-9532-027059519AD2}.Release|x86.ActiveCfg = Release|Any CPU
		{A6F30161-C269-4DCA-9532-027059519AD2}.Release|x86.Build.0 = Release|Any CPU
		{869F4F2C-4DE8-4236-9493-6F05AD8D357E}.Debug|Any CPU.ActiveCfg = Debug|Any CPU
		{869F4F2C-4DE8-4236-9493-6F05AD8D357E}.Debug|Any CPU.Build.0 = Debug|Any CPU
		{869F4F2C-4DE8-4236-9493-6F05AD8D357E}.Debug|x64.ActiveCfg = Debug|Any CPU
		{869F4F2C-4DE8-4236-9493-6F05AD8D357E}.Debug|x64.Build.0 = Debug|Any CPU
		{869F4F2C-4DE8-4236-9493-6F05AD8D357E}.Debug|x86.ActiveCfg = Debug|Any CPU
		{869F4F2C-4DE8-4236-9493-6F05AD8D357E}.Debug|x86.Build.0 = Debug|Any CPU
		{869F4F2C-4DE8-4236-9493-6F05AD8D357E}.Release|Any CPU.ActiveCfg = Release|Any CPU
		{869F4F2C-4DE8-4236-9493-6F05AD8D357E}.Release|Any CPU.Build.0 = Release|Any CPU
		{869F4F2C-4DE8-4236-9493-6F05AD8D357E}.Release|x64.ActiveCfg = Release|Any CPU
		{869F4F2C-4DE8-4236-9493-6F05AD8D357E}.Release|x64.Build.0 = Release|Any CPU
		{869F4F2C-4DE8-4236-9493-6F05AD8D357E}.Release|x86.ActiveCfg = Release|Any CPU
		{869F4F2C-4DE8-4236-9493-6F05AD8D357E}.Release|x86.Build.0 = Release|Any CPU
		{F06A8906-E05B-4065-A9CE-9CDCECE7E5E0}.Debug|Any CPU.ActiveCfg = Debug|Any CPU
		{F06A8906-E05B-4065-A9CE-9CDCECE7E5E0}.Debug|Any CPU.Build.0 = Debug|Any CPU
		{F06A8906-E05B-4065-A9CE-9CDCECE7E5E0}.Debug|x64.ActiveCfg = Debug|Any CPU
		{F06A8906-E05B-4065-A9CE-9CDCECE7E5E0}.Debug|x64.Build.0 = Debug|Any CPU
		{F06A8906-E05B-4065-A9CE-9CDCECE7E5E0}.Debug|x86.ActiveCfg = Debug|Any CPU
		{F06A8906-E05B-4065-A9CE-9CDCECE7E5E0}.Debug|x86.Build.0 = Debug|Any CPU
		{F06A8906-E05B-4065-A9CE-9CDCECE7E5E0}.Release|Any CPU.ActiveCfg = Release|Any CPU
		{F06A8906-E05B-4065-A9CE-9CDCECE7E5E0}.Release|Any CPU.Build.0 = Release|Any CPU
		{F06A8906-E05B-4065-A9CE-9CDCECE7E5E0}.Release|x64.ActiveCfg = Release|Any CPU
		{F06A8906-E05B-4065-A9CE-9CDCECE7E5E0}.Release|x64.Build.0 = Release|Any CPU
		{F06A8906-E05B-4065-A9CE-9CDCECE7E5E0}.Release|x86.ActiveCfg = Release|Any CPU
		{F06A8906-E05B-4065-A9CE-9CDCECE7E5E0}.Release|x86.Build.0 = Release|Any CPU
	EndGlobalSection
	GlobalSection(SolutionProperties) = preSolution
		HideSolutionNode = FALSE
	EndGlobalSection
	GlobalSection(ExtensibilityGlobals) = postSolution
		SolutionGuid = {A2D7CB42-5AFB-4676-BFCF-F8F942B21C6F}
	EndGlobalSection
EndGlobal
